
Microsoft Visual Studio Solution File, Format Version 12.00
# Visual Studio Version 17
VisualStudioVersion = 17.4.33205.214
MinimumVisualStudioVersion = 10.0.40219.1
Project("{FAE04EC0-301F-11D3-BF4B-00C04F79EFBC}") = "TESTAPI", "TESTAPI.csproj", "{9BA93C0F-B661-448B-9C12-256556C1D5AA}"
EndProject
Global
	GlobalSection(SolutionConfigurationPlatforms) = preSolution
		Debug|Any CPU = Debug|Any CPU
		Release|Any CPU = Release|Any CPU
	EndGlobalSection
	GlobalSection(ProjectConfigurationPlatforms) = postSolution
		{9BA93C0F-B661-448B-9C12-256556C1D5AA}.Debug|Any CPU.ActiveCfg = Debug|Any CPU
		{9BA93C0F-B661-448B-9C12-256556C1D5AA}.Debug|Any CPU.Build.0 = Debug|Any CPU
		{9BA93C0F-B661-448B-9C12-256556C1D5AA}.Release|Any CPU.ActiveCfg = Release|Any CPU
		{9BA93C0F-B661-448B-9C12-256556C1D5AA}.Release|Any CPU.Build.0 = Release|Any CPU
	EndGlobalSection
	GlobalSection(SolutionProperties) = preSolution
		HideSolutionNode = FALSE
	EndGlobalSection
	GlobalSection(ExtensibilityGlobals) = postSolution
		SolutionGuid = {64FA695D-715C-4491-9610-84D101785531}
	EndGlobalSection
EndGlobal
